
Microsoft Visual Studio Solution File, Format Version 12.00
# Visual Studio Version 17
VisualStudioVersion = 17.3.32901.215
MinimumVisualStudioVersion = 10.0.40219.1
Project("{FAE04EC0-301F-11D3-BF4B-00C04F79EFBC}") = "NFL", "NFL\NFL.csproj", "{BC82507F-78CE-45D3-AD8A-4D227B4AB4DC}"
EndProject
Global
	GlobalSection(SolutionConfigurationPlatforms) = preSolution
		Debug|Any CPU = Debug|Any CPU
		Release|Any CPU = Release|Any CPU
	EndGlobalSection
	GlobalSection(ProjectConfigurationPlatforms) = postSolution
		{BC82507F-78CE-45D3-AD8A-4D227B4AB4DC}.Debug|Any CPU.ActiveCfg = Debug|Any CPU
		{BC82507F-78CE-45D3-AD8A-4D227B4AB4DC}.Debug|Any CPU.Build.0 = Debug|Any CPU
		{BC82507F-78CE-45D3-AD8A-4D227B4AB4DC}.Release|Any CPU.ActiveCfg = Release|Any CPU
		{BC82507F-78CE-45D3-AD8A-4D227B4AB4DC}.Release|Any CPU.Build.0 = Release|Any CPU
	EndGlobalSection
	GlobalSection(SolutionProperties) = preSolution
		HideSolutionNode = FALSE
	EndGlobalSection
	GlobalSection(ExtensibilityGlobals) = postSolution
		SolutionGuid = {2803A0AB-065B-477E-9141-326A04E02FFD}
	EndGlobalSection
EndGlobal
